
Microsoft Visual Studio Solution File, Format Version 12.00
# Visual Studio Version 17
VisualStudioVersion = 17.12.35707.178
MinimumVisualStudioVersion = 10.0.40219.1
Project("{FAE04EC0-301F-11D3-BF4B-00C04F79EFBC}") = "Menu_1", "Menu_1\Menu_1.csproj", "{C3AF556C-7D3B-42BA-9E19-9C3E3D8F0D88}"
EndProject
Project("{FAE04EC0-301F-11D3-BF4B-00C04F79EFBC}") = "FormsFractales", "FormsFractales\FormsFractales.csproj", "{72CDD005-9FB6-4707-87BF-E9763E0FD2DC}"
EndProject
Project("{FAE04EC0-301F-11D3-BF4B-00C04F79EFBC}") = "FormsGraficos", "FormsLineas\FormsGraficos.csproj", "{0D4F924E-E57C-4B2B-8D73-31D5948451CF}"
EndProject
Project("{FAE04EC0-301F-11D3-BF4B-00C04F79EFBC}") = "MenuPrincipal", "MenuPrincipal\MenuPrincipal.csproj", "{424F1638-E65C-4372-91DF-AE0594D787AF}"
EndProject
Project("{FAE04EC0-301F-11D3-BF4B-00C04F79EFBC}") = "Menu_2", "Menu_2\Menu_2.csproj", "{B164E262-513C-4162-9763-A84D3108223F}"
EndProject
Global
	GlobalSection(SolutionConfigurationPlatforms) = preSolution
		Debug|Any CPU = Debug|Any CPU
		Release|Any CPU = Release|Any CPU
	EndGlobalSection
	GlobalSection(ProjectConfigurationPlatforms) = postSolution
		{C3AF556C-7D3B-42BA-9E19-9C3E3D8F0D88}.Debug|Any CPU.ActiveCfg = Debug|Any CPU
		{C3AF556C-7D3B-42BA-9E19-9C3E3D8F0D88}.Debug|Any CPU.Build.0 = Debug|Any CPU
		{C3AF556C-7D3B-42BA-9E19-9C3E3D8F0D88}.Release|Any CPU.ActiveCfg = Release|Any CPU
		{C3AF556C-7D3B-42BA-9E19-9C3E3D8F0D88}.Release|Any CPU.Build.0 = Release|Any CPU
		{72CDD005-9FB6-4707-87BF-E9763E0FD2DC}.Debug|Any CPU.ActiveCfg = Debug|Any CPU
		{72CDD005-9FB6-4707-87BF-E9763E0FD2DC}.Debug|Any CPU.Build.0 = Debug|Any CPU
		{72CDD005-9FB6-4707-87BF-E9763E0FD2DC}.Release|Any CPU.ActiveCfg = Release|Any CPU
		{72CDD005-9FB6-4707-87BF-E9763E0FD2DC}.Release|Any CPU.Build.0 = Release|Any CPU
		{0D4F924E-E57C-4B2B-8D73-31D5948451CF}.Debug|Any CPU.ActiveCfg = Debug|Any CPU
		{0D4F924E-E57C-4B2B-8D73-31D5948451CF}.Debug|Any CPU.Build.0 = Debug|Any CPU
		{0D4F924E-E57C-4B2B-8D73-31D5948451CF}.Release|Any CPU.ActiveCfg = Release|Any CPU
		{0D4F924E-E57C-4B2B-8D73-31D5948451CF}.Release|Any CPU.Build.0 = Release|Any CPU
		{424F1638-E65C-4372-91DF-AE0594D787AF}.Debug|Any CPU.ActiveCfg = Debug|Any CPU
		{424F1638-E65C-4372-91DF-AE0594D787AF}.Debug|Any CPU.Build.0 = Debug|Any CPU
		{424F1638-E65C-4372-91DF-AE0594D787AF}.Release|Any CPU.ActiveCfg = Release|Any CPU
		{424F1638-E65C-4372-91DF-AE0594D787AF}.Release|Any CPU.Build.0 = Release|Any CPU
		{B164E262-513C-4162-9763-A84D3108223F}.Debug|Any CPU.ActiveCfg = Debug|Any CPU
		{B164E262-513C-4162-9763-A84D3108223F}.Debug|Any CPU.Build.0 = Debug|Any CPU
		{B164E262-513C-4162-9763-A84D3108223F}.Release|Any CPU.ActiveCfg = Release|Any CPU
		{B164E262-513C-4162-9763-A84D3108223F}.Release|Any CPU.Build.0 = Release|Any CPU
	EndGlobalSection
	GlobalSection(SolutionProperties) = preSolution
		HideSolutionNode = FALSE
	EndGlobalSection
	GlobalSection(ExtensibilityGlobals) = postSolution
		SolutionGuid = {E6BA3816-AE55-423F-AF06-D9AB09C8388F}
	EndGlobalSection
EndGlobal
